
Microsoft Visual Studio Solution File, Format Version 12.00
Project("{2150E333-8FDC-42A3-9474-1A3956D46DE8}") = "src", "src", "{7DEF3D65-0E9F-4259-A912-8C65C2DB29EE}"
EndProject
Project("{2150E333-8FDC-42A3-9474-1A3956D46DE8}") = "Common", "Common", "{0BDE3D4C-3BC8-4711-BE56-1525FF6435DB}"
EndProject
Project("{FAE04EC0-301F-11D3-BF4B-00C04F79EFBC}") = "VCard.Common.Presentation", "src\Common\VCard.Common.Presentation\VCard.Common.Presentation.csproj", "{B2D7554F-60F6-4A9E-8AA8-90B7F463A60F}"
EndProject
Project("{FAE04EC0-301F-11D3-BF4B-00C04F79EFBC}") = "docker-compose", "docker-compose.dcproj", "{428C82D3-D616-4765-8A6A-DE50541CE102}"
EndProject
Project("{2150E333-8FDC-42A3-9474-1A3956D46DE8}") = "Services", "Services", "{2FBF2833-0B40-4423-B911-CE42F0B3FBEB}"
EndProject
Project("{2150E333-8FDC-42A3-9474-1A3956D46DE8}") = "Users", "Users", "{D4DA757C-0DEC-4B65-ACC5-28E68A6E9948}"
EndProject
Project("{FAE04EC0-301F-11D3-BF4B-00C04F79EFBC}") = "VCard.Users.Api", "src\Services\Users\VCard.Users.Api\VCard.Users.Api.csproj", "{FDF6BE62-66BF-4F46-8164-3BF85B3AC6E1}"
EndProject
Project("{2150E333-8FDC-42A3-9474-1A3956D46DE8}") = "Tests", "Tests", "{E975A4C2-7EF4-4DEF-A458-FBDAE81C1A9C}"
EndProject
Project("{FAE04EC0-301F-11D3-BF4B-00C04F79EFBC}") = "VCard.Users.Tests.Integration", "src\Services\Users\Tests\VCard.Users.Tests.Integration\VCard.Users.Tests.Integration.csproj", "{B9E85058-ACE9-4708-9D72-3F928A444590}"
EndProject
Project("{FAE04EC0-301F-11D3-BF4B-00C04F79EFBC}") = "VCard.ApiGateway", "src\VCard.ApiGateway\VCard.ApiGateway.csproj", "{90C00E07-9F8F-447A-BBFF-AB5831020242}"
EndProject
Project("{2150E333-8FDC-42A3-9474-1A3956D46DE8}") = "Communication", "Communication", "{F380AE8A-595B-4CDA-AA1F-C11961BC1FA7}"
EndProject
Project("{FAE04EC0-301F-11D3-BF4B-00C04F79EFBC}") = "VCard.Communication.Api", "src\Services\Communication\VCard.Communication.Api\VCard.Communication.Api.csproj", "{C4162970-F9BB-4A4C-A8E8-E6890CDAF8FD}"
EndProject
Global
	GlobalSection(SolutionConfigurationPlatforms) = preSolution
		Debug|Any CPU = Debug|Any CPU
		Release|Any CPU = Release|Any CPU
	EndGlobalSection
	GlobalSection(ProjectConfigurationPlatforms) = postSolution
		{B2D7554F-60F6-4A9E-8AA8-90B7F463A60F}.Debug|Any CPU.ActiveCfg = Debug|Any CPU
		{B2D7554F-60F6-4A9E-8AA8-90B7F463A60F}.Debug|Any CPU.Build.0 = Debug|Any CPU
		{B2D7554F-60F6-4A9E-8AA8-90B7F463A60F}.Release|Any CPU.ActiveCfg = Release|Any CPU
		{B2D7554F-60F6-4A9E-8AA8-90B7F463A60F}.Release|Any CPU.Build.0 = Release|Any CPU
		{428C82D3-D616-4765-8A6A-DE50541CE102}.Debug|Any CPU.ActiveCfg = Debug|Any CPU
		{428C82D3-D616-4765-8A6A-DE50541CE102}.Debug|Any CPU.Build.0 = Debug|Any CPU
		{428C82D3-D616-4765-8A6A-DE50541CE102}.Release|Any CPU.ActiveCfg = Debug|Any CPU
		{428C82D3-D616-4765-8A6A-DE50541CE102}.Release|Any CPU.Build.0 = Debug|Any CPU
		{FDF6BE62-66BF-4F46-8164-3BF85B3AC6E1}.Debug|Any CPU.ActiveCfg = Debug|Any CPU
		{FDF6BE62-66BF-4F46-8164-3BF85B3AC6E1}.Debug|Any CPU.Build.0 = Debug|Any CPU
		{FDF6BE62-66BF-4F46-8164-3BF85B3AC6E1}.Release|Any CPU.ActiveCfg = Release|Any CPU
		{FDF6BE62-66BF-4F46-8164-3BF85B3AC6E1}.Release|Any CPU.Build.0 = Release|Any CPU
		{B9E85058-ACE9-4708-9D72-3F928A444590}.Debug|Any CPU.ActiveCfg = Debug|Any CPU
		{B9E85058-ACE9-4708-9D72-3F928A444590}.Debug|Any CPU.Build.0 = Debug|Any CPU
		{B9E85058-ACE9-4708-9D72-3F928A444590}.Release|Any CPU.ActiveCfg = Release|Any CPU
		{B9E85058-ACE9-4708-9D72-3F928A444590}.Release|Any CPU.Build.0 = Release|Any CPU
		{90C00E07-9F8F-447A-BBFF-AB5831020242}.Debug|Any CPU.ActiveCfg = Debug|Any CPU
		{90C00E07-9F8F-447A-BBFF-AB5831020242}.Debug|Any CPU.Build.0 = Debug|Any CPU
		{90C00E07-9F8F-447A-BBFF-AB5831020242}.Release|Any CPU.ActiveCfg = Release|Any CPU
		{90C00E07-9F8F-447A-BBFF-AB5831020242}.Release|Any CPU.Build.0 = Release|Any CPU
		{C4162970-F9BB-4A4C-A8E8-E6890CDAF8FD}.Debug|Any CPU.ActiveCfg = Debug|Any CPU
		{C4162970-F9BB-4A4C-A8E8-E6890CDAF8FD}.Debug|Any CPU.Build.0 = Debug|Any CPU
		{C4162970-F9BB-4A4C-A8E8-E6890CDAF8FD}.Release|Any CPU.ActiveCfg = Release|Any CPU
		{C4162970-F9BB-4A4C-A8E8-E6890CDAF8FD}.Release|Any CPU.Build.0 = Release|Any CPU
	EndGlobalSection
	GlobalSection(NestedProjects) = preSolution
		{0BDE3D4C-3BC8-4711-BE56-1525FF6435DB} = {7DEF3D65-0E9F-4259-A912-8C65C2DB29EE}
		{B2D7554F-60F6-4A9E-8AA8-90B7F463A60F} = {0BDE3D4C-3BC8-4711-BE56-1525FF6435DB}
		{2FBF2833-0B40-4423-B911-CE42F0B3FBEB} = {7DEF3D65-0E9F-4259-A912-8C65C2DB29EE}
		{D4DA757C-0DEC-4B65-ACC5-28E68A6E9948} = {2FBF2833-0B40-4423-B911-CE42F0B3FBEB}
		{FDF6BE62-66BF-4F46-8164-3BF85B3AC6E1} = {D4DA757C-0DEC-4B65-ACC5-28E68A6E9948}
		{E975A4C2-7EF4-4DEF-A458-FBDAE81C1A9C} = {D4DA757C-0DEC-4B65-ACC5-28E68A6E9948}
		{B9E85058-ACE9-4708-9D72-3F928A444590} = {E975A4C2-7EF4-4DEF-A458-FBDAE81C1A9C}
		{90C00E07-9F8F-447A-BBFF-AB5831020242} = {7DEF3D65-0E9F-4259-A912-8C65C2DB29EE}
		{F380AE8A-595B-4CDA-AA1F-C11961BC1FA7} = {2FBF2833-0B40-4423-B911-CE42F0B3FBEB}
		{C4162970-F9BB-4A4C-A8E8-E6890CDAF8FD} = {F380AE8A-595B-4CDA-AA1F-C11961BC1FA7}
	EndGlobalSection
EndGlobal
